
Microsoft Visual Studio Solution File, Format Version 12.00
# Visual Studio 15
VisualStudioVersion = 15.0.28307.757
MinimumVisualStudioVersion = 10.0.40219.1
Project("{9A19103F-16F7-4668-BE54-9A1E7A4F7556}") = "Dazinator.Extensions.WriteableOptions", "Dazinator.Extensions.WriteableOptions\Dazinator.Extensions.WriteableOptions.csproj", "{D273A3D4-190E-405F-87F4-2A04F42D0365}"
EndProject
Global
	GlobalSection(SolutionConfigurationPlatforms) = preSolution
		Debug|Any CPU = Debug|Any CPU
		Release|Any CPU = Release|Any CPU
	EndGlobalSection
	GlobalSection(ProjectConfigurationPlatforms) = postSolution
		{D273A3D4-190E-405F-87F4-2A04F42D0365}.Debug|Any CPU.ActiveCfg = Debug|Any CPU
		{D273A3D4-190E-405F-87F4-2A04F42D0365}.Debug|Any CPU.Build.0 = Debug|Any CPU
		{D273A3D4-190E-405F-87F4-2A04F42D0365}.Release|Any CPU.ActiveCfg = Release|Any CPU
		{D273A3D4-190E-405F-87F4-2A04F42D0365}.Release|Any CPU.Build.0 = Release|Any CPU
	EndGlobalSection
	GlobalSection(SolutionProperties) = preSolution
		HideSolutionNode = FALSE
	EndGlobalSection
	GlobalSection(ExtensibilityGlobals) = postSolution
		SolutionGuid = {83E31C12-2264-455C-B7FA-8F99941DD0FC}
	EndGlobalSection
EndGlobal
